# This file is generated by running "yarn install" inside your project.
# Manual changes might be lost - proceed with caution!

__metadata:
  version: 4
  cacheKey: 7c0

"@example/lib@workspace:.":
  version: 0.0.0-use.local
  resolution: "@example/lib@workspace:."
  dependencies:
    lodash.snakecase: ^4.1.1
  languageName: unknown
  linkType: soft

"lodash.snakecase@npm:^4.1.1":
  version: 4.1.1
  resolution: "lodash.snakecase@npm:4.1.1"
  checksum: f7754fce922481eb8f6a9f276a36a61c5831890895c757eda6cf3ea825f39a002ebe4241f90ca8ff506b94f8933f183c927af971ff27ddaf1da6912ab3cda2d2
  languageName: node
  linkType: hard
